GEM
  remote: https://rubygems.org/
  specs:
    acme-client (2.0.35)
      base64 (~> 0.2)
      faraday (>= 1.0, < 3.0.0)
      faraday-retry (>= 1.0, < 3.0.0)
    async (2.46.0)
      console (~> 1.29)
      fiber-annotation
      io-event (~> 1.21)
    base64 (0.3.0)
    bcrypt (3.1.22)
    connection_pool (3.0.2)
    console (1.38.0)
      fiber-annotation
      fiber-local (~> 1.1)
      json
    diff-lcs (1.6.2)
    faraday (2.14.4)
      faraday-net_http (>= 2.0, < 3.5)
      json
      logger
    faraday-net_http (3.4.4)
      net-http (~> 0.5)
    faraday-net_http_persistent (2.3.1)
      faraday (~> 2.5)
      net-http-persistent (>= 4.0.4, < 5)
    faraday-retry (2.4.0)
      faraday (~> 2.0)
    fiber-annotation (0.2.0)
    fiber-local (1.1.0)
      fiber-storage
    fiber-storage (1.0.1)
    io-event (1.22.1)
    json (3.0.2)
    logger (1.7.0)
    net-http (0.9.1)
      uri (>= 0.11.1)
    net-http-persistent (4.0.8)
      connection_pool (>= 2.2.4, < 4)
    rspec (3.13.2)
      rspec-core (~> 3.13.0)
      rspec-expectations (~> 3.13.0)
      rspec-mocks (~> 3.13.0)
    rspec-core (3.13.6)
      rspec-support (~> 3.13.0)
    rspec-expectations (3.13.5)
      diff-lcs (>= 1.2.0, < 2.0)
      rspec-support (~> 3.13.0)
    rspec-mocks (3.13.8)
      diff-lcs (>= 1.2.0, < 2.0)
      rspec-support (~> 3.13.0)
    rspec-support (3.13.7)
    uri (1.1.1)

PLATFORMS
  ruby
  x86_64-linux

DEPENDENCIES
  acme-client (= 2.0.35)
  async (= 2.46.0)
  bcrypt (= 3.1.22)
  faraday (= 2.14.4)
  faraday-net_http_persistent (= 2.3.1)
  faraday-retry (= 2.4.0)
  net-http-persistent (= 4.0.8)
  rspec (= 3.13.2)

CHECKSUMS
  acme-client (2.0.35) sha256=b34fc70e119a128cf1d8b38218d4aa5e86fa3c09e76df18470359fd216ac9172
  async (2.46.0) sha256=34f984733dbf63a997376346451ec995e858cacc3105e86ccfeaf8877b4f490b
  base64 (0.3.0) sha256=27337aeabad6ffae05c265c450490628ef3ebd4b67be58257393227588f5a97b
  bcrypt (3.1.22) sha256=1f0072e88c2d705d94aff7f2c5cb02eb3f1ec4b8368671e19112527489f29032
  bundler (4.0.22) sha256=d8d5ec84c8555e0af71db63ed7aee4d1a8fb839ec46d84212d61979242a5d75a
  connection_pool (3.0.2) sha256=33fff5ba71a12d2aa26cb72b1db8bba2a1a01823559fb01d29eb74c286e62e0a
  console (1.38.0) sha256=35b82f59130e95e9be6b832d9e539c8b3988fc192e4a8e9a86ab4922f44ad5de
  diff-lcs (1.6.2) sha256=9ae0d2cba7d4df3075fe8cd8602a8604993efc0dfa934cff568969efb1909962
  faraday (2.14.4) sha256=9bb4408c44621b0dbaaaa39e5dbfc4dbe58cc6751b6eb94d16ae9e1f2f2fab6e
  faraday-net_http (3.4.4) sha256=0e78af151747ed1b00f33e25973b4bc220d7f16c00c39676817c8b12331eb588
  faraday-net_http_persistent (2.3.1) sha256=23ffba37d6a27807a10f033d01918ec958aa73fa6ff0fccfbcd5ce2d2e68fca3
  faraday-retry (2.4.0) sha256=7b79c48fb7e56526faf247b12d94a680071ff40c9fda7cf1ec1549439ad11ebe
  fiber-annotation (0.2.0) sha256=7abfadf1d119f508867d4103bf231c0354d019cc39a5738945dec2edadaf6c03
  fiber-local (1.1.0) sha256=c885f94f210fb9b05737de65d511136ea602e00c5105953748aa0f8793489f06
  fiber-storage (1.0.1) sha256=f48e5b6d8b0be96dac486332b55cee82240057065dc761c1ea692b2e719240e1
  io-event (1.22.1) sha256=0dd054cefe4a29f1b8286604f332c14f3208d75f54902961e91e94d45e5e1600
  json (3.0.2) sha256=8e6d7e7b11384c21230430cef90b71f14849a34a1f4452796670f7c981bd19df
  logger (1.7.0) sha256=196edec7cc44b66cfb40f9755ce11b392f21f7967696af15d274dde7edff0203
  net-http (0.9.1) sha256=25ba0b67c63e89df626ed8fac771d0ad24ad151a858af2cc8e6a716ca4336996
  net-http-persistent (4.0.8) sha256=ef3de8319d691537b329053fae3a33195f8b070bbbfae8bf1a58c796081960e6
  rspec (3.13.2) sha256=206284a08ad798e61f86d7ca3e376718d52c0bc944626b2349266f239f820587
  rspec-core (3.13.6) sha256=a8823c6411667b60a8bca135364351dda34cd55e44ff94c4be4633b37d828b2d
  rspec-expectations (3.13.5) sha256=33a4d3a1d95060aea4c94e9f237030a8f9eae5615e9bd85718fe3a09e4b58836
  rspec-mocks (3.13.8) sha256=086ad3d3d17533f4237643de0b5c42f04b66348c28bf6b9c2d3f4a3b01af1d47
  rspec-support (3.13.7) sha256=0640e5570872aafefd79867901deeeeb40b0c9875a36b983d85f54fb7381c47c
  uri (1.1.1) sha256=379fa58d27ffb1387eaada68c749d1426738bd0f654d812fcc07e7568f5c57c6

RUBY VERSION
  ruby 4.0.7

BUNDLED WITH
  4.0.22
